
Microsoft Visual Studio Solution File, Format Version 12.00
# Visual Studio Version 16
VisualStudioVersion = 16.0.30907.101
MinimumVisualStudioVersion = 10.0.40219.1
Project("{FAE04EC0-301F-11D3-BF4B-00C04F79EFBC}") = "VisualPlatform_Design", "VisualPlatform_Design\VisualPlatform_Design.csproj", "{BF58E2F2-3BC1-4439-BD00-37E0CC345EAD}"
EndProject
Project("{FAE04EC0-301F-11D3-BF4B-00C04F79EFBC}") = "VisualPlatform_Core", "VisualPlatform_Core\VisualPlatform_Core.csproj", "{F42C75D5-5777-4EED-9B7D-587CDC8BC346}"
EndProject
Project("{FAE04EC0-301F-11D3-BF4B-00C04F79EFBC}") = "VisualPlatform_Common", "VisualPlatform_Common\VisualPlatform_Common.csproj", "{1167B4B8-30A5-4C38-9A60-643C3B42A5F2}"
EndProject
Project("{FAE04EC0-301F-11D3-BF4B-00C04F79EFBC}") = "VisualPlatform_Control", "VisualPlatform_Control\VisualPlatform_Control.csproj", "{72C3C0A2-839E-46F2-8620-9C3EFC45BC3F}"
EndProject
Project("{FAE04EC0-301F-11D3-BF4B-00C04F79EFBC}") = "VisualPlatform_Client", "VisualPlatform_Client\VisualPlatform_Client.csproj", "{548C9287-3045-4EB3-A75F-033CBD496A2A}"
EndProject
Global
	GlobalSection(SolutionConfigurationPlatforms) = preSolution
		Debug|Any CPU = Debug|Any CPU
		Release|Any CPU = Release|Any CPU
	EndGlobalSection
	GlobalSection(ProjectConfigurationPlatforms) = postSolution
		{BF58E2F2-3BC1-4439-BD00-37E0CC345EAD}.Debug|Any CPU.ActiveCfg = Debug|Any CPU
		{BF58E2F2-3BC1-4439-BD00-37E0CC345EAD}.Debug|Any CPU.Build.0 = Debug|Any CPU
		{BF58E2F2-3BC1-4439-BD00-37E0CC345EAD}.Release|Any CPU.ActiveCfg = Release|Any CPU
		{BF58E2F2-3BC1-4439-BD00-37E0CC345EAD}.Release|Any CPU.Build.0 = Release|Any CPU
		{F42C75D5-5777-4EED-9B7D-587CDC8BC346}.Debug|Any CPU.ActiveCfg = Debug|Any CPU
		{F42C75D5-5777-4EED-9B7D-587CDC8BC346}.Debug|Any CPU.Build.0 = Debug|Any CPU
		{F42C75D5-5777-4EED-9B7D-587CDC8BC346}.Release|Any CPU.ActiveCfg = Release|Any CPU
		{F42C75D5-5777-4EED-9B7D-587CDC8BC346}.Release|Any CPU.Build.0 = Release|Any CPU
		{1167B4B8-30A5-4C38-9A60-643C3B42A5F2}.Debug|Any CPU.ActiveCfg = Debug|Any CPU
		{1167B4B8-30A5-4C38-9A60-643C3B42A5F2}.Debug|Any CPU.Build.0 = Debug|Any CPU
		{1167B4B8-30A5-4C38-9A60-643C3B42A5F2}.Release|Any CPU.ActiveCfg = Release|Any CPU
		{1167B4B8-30A5-4C38-9A60-643C3B42A5F2}.Release|Any CPU.Build.0 = Release|Any CPU
		{72C3C0A2-839E-46F2-8620-9C3EFC45BC3F}.Debug|Any CPU.ActiveCfg = Debug|Any CPU
		{72C3C0A2-839E-46F2-8620-9C3EFC45BC3F}.Debug|Any CPU.Build.0 = Debug|Any CPU
		{72C3C0A2-839E-46F2-8620-9C3EFC45BC3F}.Release|Any CPU.ActiveCfg = Release|Any CPU
		{72C3C0A2-839E-46F2-8620-9C3EFC45BC3F}.Release|Any CPU.Build.0 = Release|Any CPU
		{548C9287-3045-4EB3-A75F-033CBD496A2A}.Debug|Any CPU.ActiveCfg = Debug|Any CPU
		{548C9287-3045-4EB3-A75F-033CBD496A2A}.Debug|Any CPU.Build.0 = Debug|Any CPU
		{548C9287-3045-4EB3-A75F-033CBD496A2A}.Release|Any CPU.ActiveCfg = Release|Any CPU
		{548C9287-3045-4EB3-A75F-033CBD496A2A}.Release|Any CPU.Build.0 = Release|Any CPU
	EndGlobalSection
	GlobalSection(SolutionProperties) = preSolution
		HideSolutionNode = FALSE
	EndGlobalSection
	GlobalSection(ExtensibilityGlobals) = postSolution
		SolutionGuid = {8DCF0BE4-FD84-43CF-A018-5BAB41CA6303}
	EndGlobalSection
EndGlobal
